
Microsoft Visual Studio Solution File, Format Version 12.00
# Visual Studio Version 17
VisualStudioVersion = 17.11.35327.3
MinimumVisualStudioVersion = 10.0.40219.1
Project("{FAE04EC0-301F-11D3-BF4B-00C04F79EFBC}") = "UI", "UI\UI.csproj", "{B3D462E3-667E-46D0-AE3C-B37CC564A330}"
EndProject
Project("{FAE04EC0-301F-11D3-BF4B-00C04F79EFBC}") = "DAL", "DAL\DAL.csproj", "{FE345ABA-54BD-4C02-9A0A-883CB26FB449}"
EndProject
Project("{FAE04EC0-301F-11D3-BF4B-00C04F79EFBC}") = "BLL", "BLL\BLL.csproj", "{01F0ADFF-8ECE-428A-BF64-42C524C6545B}"
EndProject
Project("{FAE04EC0-301F-11D3-BF4B-00C04F79EFBC}") = "Entity", "Entity\Entity.csproj", "{A00513CE-D61F-4C09-AD96-8157F55473C1}"
EndProject
Project("{FAE04EC0-301F-11D3-BF4B-00C04F79EFBC}") = "Mapper", "Mapper\Mapper.csproj", "{8E92648D-B0DA-4FD2-9452-9BBB725AA10B}"
EndProject
Global
	GlobalSection(SolutionConfigurationPlatforms) = preSolution
		Debug|Any CPU = Debug|Any CPU
		Release|Any CPU = Release|Any CPU
	EndGlobalSection
	GlobalSection(ProjectConfigurationPlatforms) = postSolution
		{B3D462E3-667E-46D0-AE3C-B37CC564A330}.Debug|Any CPU.ActiveCfg = Debug|Any CPU
		{B3D462E3-667E-46D0-AE3C-B37CC564A330}.Debug|Any CPU.Build.0 = Debug|Any CPU
		{B3D462E3-667E-46D0-AE3C-B37CC564A330}.Release|Any CPU.ActiveCfg = Release|Any CPU
		{B3D462E3-667E-46D0-AE3C-B37CC564A330}.Release|Any CPU.Build.0 = Release|Any CPU
		{FE345ABA-54BD-4C02-9A0A-883CB26FB449}.Debug|Any CPU.ActiveCfg = Debug|Any CPU
		{FE345ABA-54BD-4C02-9A0A-883CB26FB449}.Debug|Any CPU.Build.0 = Debug|Any CPU
		{FE345ABA-54BD-4C02-9A0A-883CB26FB449}.Release|Any CPU.ActiveCfg = Release|Any CPU
		{FE345ABA-54BD-4C02-9A0A-883CB26FB449}.Release|Any CPU.Build.0 = Release|Any CPU
		{01F0ADFF-8ECE-428A-BF64-42C524C6545B}.Debug|Any CPU.ActiveCfg = Debug|Any CPU
		{01F0ADFF-8ECE-428A-BF64-42C524C6545B}.Debug|Any CPU.Build.0 = Debug|Any CPU
		{01F0ADFF-8ECE-428A-BF64-42C524C6545B}.Release|Any CPU.ActiveCfg = Release|Any CPU
		{01F0ADFF-8ECE-428A-BF64-42C524C6545B}.Release|Any CPU.Build.0 = Release|Any CPU
		{A00513CE-D61F-4C09-AD96-8157F55473C1}.Debug|Any CPU.ActiveCfg = Debug|Any CPU
		{A00513CE-D61F-4C09-AD96-8157F55473C1}.Debug|Any CPU.Build.0 = Debug|Any CPU
		{A00513CE-D61F-4C09-AD96-8157F55473C1}.Release|Any CPU.ActiveCfg = Release|Any CPU
		{A00513CE-D61F-4C09-AD96-8157F55473C1}.Release|Any CPU.Build.0 = Release|Any CPU
		{8E92648D-B0DA-4FD2-9452-9BBB725AA10B}.Debug|Any CPU.ActiveCfg = Debug|Any CPU
		{8E92648D-B0DA-4FD2-9452-9BBB725AA10B}.Debug|Any CPU.Build.0 = Debug|Any CPU
		{8E92648D-B0DA-4FD2-9452-9BBB725AA10B}.Release|Any CPU.ActiveCfg = Release|Any CPU
		{8E92648D-B0DA-4FD2-9452-9BBB725AA10B}.Release|Any CPU.Build.0 = Release|Any CPU
	EndGlobalSection
	GlobalSection(SolutionProperties) = preSolution
		HideSolutionNode = FALSE
	EndGlobalSection
	GlobalSection(ExtensibilityGlobals) = postSolution
		SolutionGuid = {AE977B4C-2980-4F04-8022-58E5020B40AC}
	EndGlobalSection
EndGlobal
